
Microsoft Visual Studio Solution File, Format Version 12.00
# Visual Studio 14
VisualStudioVersion = 14.0.25420.1
MinimumVisualStudioVersion = 10.0.40219.1
Project("{FAE04EC0-301F-11D3-BF4B-00C04F79EFBC}") = "Reality", "Reality\Reality.csproj", "{06C68890-7B3E-49FB-B77E-B2A7D2C90BEA}"
EndProject
Project("{FAE04EC0-301F-11D3-BF4B-00C04F79EFBC}") = "Reality.ROOT.Farm", "Reality.ROOT\Reality.ROOT\Reality.ROOT.Farm.csproj", "{C38029C5-5426-4DC7-892F-4391675407C2}"
	ProjectSection(ProjectDependencies) = postProject
		{06C68890-7B3E-49FB-B77E-B2A7D2C90BEA} = {06C68890-7B3E-49FB-B77E-B2A7D2C90BEA}
		{26EDD2DE-5B21-4599-91C4-8E597AAB15BD} = {26EDD2DE-5B21-4599-91C4-8E597AAB15BD}
	EndProjectSection
EndProject
Project("{FAE04EC0-301F-11D3-BF4B-00C04F79EFBC}") = "Reality.ROOT.SB", "Reality.ROOT.SB\Reality.ROOT.SB\Reality.ROOT.SB.csproj", "{26EDD2DE-5B21-4599-91C4-8E597AAB15BD}"
	ProjectSection(ProjectDependencies) = postProject
		{06C68890-7B3E-49FB-B77E-B2A7D2C90BEA} = {06C68890-7B3E-49FB-B77E-B2A7D2C90BEA}
	EndProjectSection
EndProject
Project("{FAE04EC0-301F-11D3-BF4B-00C04F79EFBC}") = "Reality.ROOT.App", "Reality.ROOT.App\Reality.ROOT.App\Reality.ROOT.App.csproj", "{3C3D8F6D-2414-4A64-BBDD-49B8EED7702E}"
	ProjectSection(ProjectDependencies) = postProject
		{06C68890-7B3E-49FB-B77E-B2A7D2C90BEA} = {06C68890-7B3E-49FB-B77E-B2A7D2C90BEA}
	EndProjectSection
EndProject
Global
	GlobalSection(SolutionConfigurationPlatforms) = preSolution
		Debug|Any CPU = Debug|Any CPU
		Release|Any CPU = Release|Any CPU
	EndGlobalSection
	GlobalSection(ProjectConfigurationPlatforms) = postSolution
		{06C68890-7B3E-49FB-B77E-B2A7D2C90BEA}.Debug|Any CPU.ActiveCfg = Debug|Any CPU
		{06C68890-7B3E-49FB-B77E-B2A7D2C90BEA}.Debug|Any CPU.Build.0 = Debug|Any CPU
		{06C68890-7B3E-49FB-B77E-B2A7D2C90BEA}.Debug|Any CPU.Deploy.0 = Debug|Any CPU
		{06C68890-7B3E-49FB-B77E-B2A7D2C90BEA}.Release|Any CPU.ActiveCfg = Release|Any CPU
		{06C68890-7B3E-49FB-B77E-B2A7D2C90BEA}.Release|Any CPU.Build.0 = Release|Any CPU
		{06C68890-7B3E-49FB-B77E-B2A7D2C90BEA}.Release|Any CPU.Deploy.0 = Release|Any CPU
		{C38029C5-5426-4DC7-892F-4391675407C2}.Debug|Any CPU.ActiveCfg = Debug|Any CPU
		{C38029C5-5426-4DC7-892F-4391675407C2}.Debug|Any CPU.Build.0 = Debug|Any CPU
		{C38029C5-5426-4DC7-892F-4391675407C2}.Debug|Any CPU.Deploy.0 = Debug|Any CPU
		{C38029C5-5426-4DC7-892F-4391675407C2}.Release|Any CPU.ActiveCfg = Release|Any CPU
		{C38029C5-5426-4DC7-892F-4391675407C2}.Release|Any CPU.Build.0 = Release|Any CPU
		{C38029C5-5426-4DC7-892F-4391675407C2}.Release|Any CPU.Deploy.0 = Release|Any CPU
		{26EDD2DE-5B21-4599-91C4-8E597AAB15BD}.Debug|Any CPU.ActiveCfg = Debug|Any CPU
		{26EDD2DE-5B21-4599-91C4-8E597AAB15BD}.Debug|Any CPU.Build.0 = Debug|Any CPU
		{26EDD2DE-5B21-4599-91C4-8E597AAB15BD}.Debug|Any CPU.Deploy.0 = Debug|Any CPU
		{26EDD2DE-5B21-4599-91C4-8E597AAB15BD}.Release|Any CPU.ActiveCfg = Release|Any CPU
		{26EDD2DE-5B21-4599-91C4-8E597AAB15BD}.Release|Any CPU.Build.0 = Release|Any CPU
		{26EDD2DE-5B21-4599-91C4-8E597AAB15BD}.Release|Any CPU.Deploy.0 = Release|Any CPU
		{3C3D8F6D-2414-4A64-BBDD-49B8EED7702E}.Debug|Any CPU.ActiveCfg = Debug|Any CPU
		{3C3D8F6D-2414-4A64-BBDD-49B8EED7702E}.Debug|Any CPU.Build.0 = Debug|Any CPU
		{3C3D8F6D-2414-4A64-BBDD-49B8EED7702E}.Debug|Any CPU.Deploy.0 = Debug|Any CPU
		{3C3D8F6D-2414-4A64-BBDD-49B8EED7702E}.Release|Any CPU.ActiveCfg = Release|Any CPU
		{3C3D8F6D-2414-4A64-BBDD-49B8EED7702E}.Release|Any CPU.Build.0 = Release|Any CPU
		{3C3D8F6D-2414-4A64-BBDD-49B8EED7702E}.Release|Any CPU.Deploy.0 = Release|Any CPU
	EndGlobalSection
	GlobalSection(SolutionProperties) = preSolution
		HideSolutionNode = FALSE
	EndGlobalSection
	GlobalSection(TeamFoundationVersionControl) = preSolution
		SccNumberOfProjects = 5
		SccEnterpriseProvider = {4CA58AB2-18FA-4F8D-95D4-32DDF27D184C}
		SccTeamFoundationServer = https://perpetualreality.visualstudio.com/
		SccLocalPath0 = .
		SccProjectUniqueName1 = Reality.ROOT.App\\Reality.ROOT.App\\Reality.ROOT.App.csproj
		SccProjectName1 = Reality.ROOT.App/Reality.ROOT.App
		SccLocalPath1 = Reality.ROOT.App\\Reality.ROOT.App
		SccProjectUniqueName2 = Reality.ROOT.SB\\Reality.ROOT.SB\\Reality.ROOT.SB.csproj
		SccProjectName2 = Reality.ROOT.SB/Reality.ROOT.SB
		SccLocalPath2 = Reality.ROOT.SB\\Reality.ROOT.SB
		SccProjectUniqueName3 = Reality\\Reality.csproj
		SccProjectName3 = Reality
		SccLocalPath3 = Reality
		SccProjectUniqueName4 = Reality.ROOT\\Reality.ROOT\\Reality.ROOT.Farm.csproj
		SccProjectName4 = Reality.ROOT/Reality.ROOT
		SccLocalPath4 = Reality.ROOT\\Reality.ROOT
	EndGlobalSection
EndGlobal
